
Microsoft Visual Studio Solution File, Format Version 12.00
# Visual Studio Version 16
VisualStudioVersion = 16.0.31613.86
MinimumVisualStudioVersion = 10.0.40219.1
Project("{FAE04EC0-301F-11D3-BF4B-00C04F79EFBC}") = "PromedioNota", "PromedioNota.csproj", "{EBDE5B86-D2A7-4DF0-9701-D945A7F3CD06}"
EndProject
Global
	GlobalSection(SolutionConfigurationPlatforms) = preSolution
		Debug|Any CPU = Debug|Any CPU
		Release|Any CPU = Release|Any CPU
	EndGlobalSection
	GlobalSection(ProjectConfigurationPlatforms) = postSolution
		{EBDE5B86-D2A7-4DF0-9701-D945A7F3CD06}.Debug|Any CPU.ActiveCfg = Debug|Any CPU
		{EBDE5B86-D2A7-4DF0-9701-D945A7F3CD06}.Debug|Any CPU.Build.0 = Debug|Any CPU
		{EBDE5B86-D2A7-4DF0-9701-D945A7F3CD06}.Release|Any CPU.ActiveCfg = Release|Any CPU
		{EBDE5B86-D2A7-4DF0-9701-D945A7F3CD06}.Release|Any CPU.Build.0 = Release|Any CPU
	EndGlobalSection
	GlobalSection(SolutionProperties) = preSolution
		HideSolutionNode = FALSE
	EndGlobalSection
	GlobalSection(ExtensibilityGlobals) = postSolution
		SolutionGuid = {8AE1D7F6-BDAA-4492-8B6B-440131A067F6}
	EndGlobalSection
EndGlobal
