
Microsoft Visual Studio Solution File, Format Version 12.00
# Visual Studio Version 16
VisualStudioVersion = 16.0.31613.86
MinimumVisualStudioVersion = 10.0.40219.1
Project("{FAE04EC0-301F-11D3-BF4B-00C04F79EFBC}") = "Financiera", "Financiera.csproj", "{61E333D4-46DB-4F75-BBEB-1B74B8AC4BB3}"
EndProject
Global
	GlobalSection(SolutionConfigurationPlatforms) = preSolution
		Debug|Any CPU = Debug|Any CPU
		Release|Any CPU = Release|Any CPU
	EndGlobalSection
	GlobalSection(ProjectConfigurationPlatforms) = postSolution
		{61E333D4-46DB-4F75-BBEB-1B74B8AC4BB3}.Debug|Any CPU.ActiveCfg = Debug|Any CPU
		{61E333D4-46DB-4F75-BBEB-1B74B8AC4BB3}.Debug|Any CPU.Build.0 = Debug|Any CPU
		{61E333D4-46DB-4F75-BBEB-1B74B8AC4BB3}.Release|Any CPU.ActiveCfg = Release|Any CPU
		{61E333D4-46DB-4F75-BBEB-1B74B8AC4BB3}.Release|Any CPU.Build.0 = Release|Any CPU
	EndGlobalSection
	GlobalSection(SolutionProperties) = preSolution
		HideSolutionNode = FALSE
	EndGlobalSection
	GlobalSection(ExtensibilityGlobals) = postSolution
		SolutionGuid = {7605789E-4A68-4415-A85A-DB63A22A4875}
	EndGlobalSection
EndGlobal
